Microsoft Visual Studio Solution File, Format Version 12.00
# Visual Studio Version 17
VisualStudioVersion = 17.5.2.0
MinimumVisualStudioVersion = 10.0.40219.1
Project("{2150E333-8FDC-42A3-9474-1A3956D46DE8}") = "HelloRichardMCP", "HelloRichardMCP", "{E6BB696A-5A19-BEAC-FEB9-57F4211EDD11}"
EndProject
Project("{FAE04EC0-301F-11D3-BF4B-00C04F79EFBC}") = "HelloRichardMCP", "HelloRichardMCP\HelloRichardMCP\HelloRichardMCP.csproj", "{3A795AD8-0429-7FEF-5394-3D0954DA6AF1}"
EndProject
Global
	GlobalSection(SolutionConfigurationPlatforms) = preSolution
		Debug|Any CPU = Debug|Any CPU
		Release|Any CPU = Release|Any CPU
	EndGlobalSection
	GlobalSection(ProjectConfigurationPlatforms) = postSolution
		{3A795AD8-0429-7FEF-5394-3D0954DA6AF1}.Debug|Any CPU.ActiveCfg = Debug|Any CPU
		{3A795AD8-0429-7FEF-5394-3D0954DA6AF1}.Debug|Any CPU.Build.0 = Debug|Any CPU
		{3A795AD8-0429-7FEF-5394-3D0954DA6AF1}.Release|Any CPU.ActiveCfg = Release|Any CPU
		{3A795AD8-0429-7FEF-5394-3D0954DA6AF1}.Release|Any CPU.Build.0 = Release|Any CPU
	EndGlobalSection
	GlobalSection(SolutionProperties) = preSolution
		HideSolutionNode = FALSE
	EndGlobalSection
	GlobalSection(NestedProjects) = preSolution
		{3A795AD8-0429-7FEF-5394-3D0954DA6AF1} = {E6BB696A-5A19-BEAC-FEB9-57F4211EDD11}
	EndGlobalSection
	GlobalSection(ExtensibilityGlobals) = postSolution
		SolutionGuid = {4A54DE5D-BDD3-4EBF-A088-653B572B815A}
	EndGlobalSection
EndGlobal
